
Microsoft Visual Studio Solution File, Format Version 12.00
# Visual Studio Version 16
VisualStudioVersion = 16.0.33027.164
MinimumVisualStudioVersion = 10.0.40219.1
Project("{F184B08F-C81C-45F6-A57F-5ABD9991F28F}") = "Excel计算书工具箱1.0", "Excel计算书工具箱1.0.vbproj", "{D9A55987-6B92-44DC-84A6-5348058BC02E}"
EndProject
Global
	GlobalSection(SolutionConfigurationPlatforms) = preSolution
		Debug|Any CPU = Debug|Any CPU
		Release|Any CPU = Release|Any CPU
	EndGlobalSection
	GlobalSection(ProjectConfigurationPlatforms) = postSolution
		{D9A55987-6B92-44DC-84A6-5348058BC02E}.Debug|Any CPU.ActiveCfg = Debug|Any CPU
		{D9A55987-6B92-44DC-84A6-5348058BC02E}.Debug|Any CPU.Build.0 = Debug|Any CPU
		{D9A55987-6B92-44DC-84A6-5348058BC02E}.Release|Any CPU.ActiveCfg = Release|Any CPU
		{D9A55987-6B92-44DC-84A6-5348058BC02E}.Release|Any CPU.Build.0 = Release|Any CPU
	EndGlobalSection
	GlobalSection(SolutionProperties) = preSolution
		HideSolutionNode = FALSE
	EndGlobalSection
	GlobalSection(ExtensibilityGlobals) = postSolution
		SolutionGuid = {A24BD09D-1FBD-41CC-B944-AE678C9F7612}
	EndGlobalSection
EndGlobal
